{
  "name": "age-of-agents-hooks",
  "version": "1.0.0",
  "lockfileVersion": 3,
  "requires": true,
  "packages": {
    "": {
      "name": "age-of-agents-hooks",
      "version": "1.0.0",
      "license": "MIT",
      "bin": {
        "age-of-agents-hooks": "bin/age-of-agents-hooks.js"
      },
      "engines": {
        "node": ">=20"
      }
    }
  }
}
